
Microsoft Visual Studio Solution File, Format Version 12.00
# Visual Studio Version 16
VisualStudioVersion = 16.0.30114.105
MinimumVisualStudioVersion = 10.0.40219.1
Project("{FAE04EC0-301F-11D3-BF4B-00C04F79EFBC}") = "Boilerplate.Api", "Boilerplate.Api\Boilerplate.Api.csproj", "{87BAC18E-9915-40C4-9356-D0455D2B9BFE}"
EndProject
Project("{FAE04EC0-301F-11D3-BF4B-00C04F79EFBC}") = "Boilerplate.Application", "Boilerplate.Application\Boilerplate.Application.csproj", "{C6CCDABC-3D13-4798-AE81-EF1EAE4962C5}"
EndProject
Project("{FAE04EC0-301F-11D3-BF4B-00C04F79EFBC}") = "Boilerplate.Business", "Boilerplate.Business\Boilerplate.Business.csproj", "{465CF21C-6917-427A-BEE5-C628149311FD}"
EndProject
Project("{FAE04EC0-301F-11D3-BF4B-00C04F79EFBC}") = "Boilerplate.CoreServices", "Boilerplate.CoreServices\Boilerplate.CoreServices.csproj", "{FEA23FF8-4CAE-475A-9415-4175AEEC24EE}"
EndProject
Project("{FAE04EC0-301F-11D3-BF4B-00C04F79EFBC}") = "Boilerplate.Domain", "Boilerplate.Domain\Boilerplate.Domain.csproj", "{6C21B59D-04E2-498F-8543-47434F8A0FAF}"
EndProject
Project("{FAE04EC0-301F-11D3-BF4B-00C04F79EFBC}") = "Boilerplate.Infrastructure", "Boilerplate.Infrastructure\Boilerplate.Infrastructure.csproj", "{F962CE14-1CB8-45B3-B0A2-140A4DADF5B2}"
EndProject
Project("{FAE04EC0-301F-11D3-BF4B-00C04F79EFBC}") = "Boilerplate.Persistence", "Boilerplate.Persistence\Boilerplate.Persistence.csproj", "{C4C9073D-2998-4873-8FCB-53E838E48C8D}"
EndProject
Global
	GlobalSection(SolutionConfigurationPlatforms) = preSolution
		Debug|Any CPU = Debug|Any CPU
		Release|Any CPU = Release|Any CPU
	EndGlobalSection
	GlobalSection(SolutionProperties) = preSolution
		HideSolutionNode = FALSE
	EndGlobalSection
	GlobalSection(ProjectConfigurationPlatforms) = postSolution
		{87BAC18E-9915-40C4-9356-D0455D2B9BFE}.Debug|Any CPU.ActiveCfg = Debug|Any CPU
		{87BAC18E-9915-40C4-9356-D0455D2B9BFE}.Debug|Any CPU.Build.0 = Debug|Any CPU
		{87BAC18E-9915-40C4-9356-D0455D2B9BFE}.Release|Any CPU.ActiveCfg = Release|Any CPU
		{87BAC18E-9915-40C4-9356-D0455D2B9BFE}.Release|Any CPU.Build.0 = Release|Any CPU
		{C6CCDABC-3D13-4798-AE81-EF1EAE4962C5}.Debug|Any CPU.ActiveCfg = Debug|Any CPU
		{C6CCDABC-3D13-4798-AE81-EF1EAE4962C5}.Debug|Any CPU.Build.0 = Debug|Any CPU
		{C6CCDABC-3D13-4798-AE81-EF1EAE4962C5}.Release|Any CPU.ActiveCfg = Release|Any CPU
		{C6CCDABC-3D13-4798-AE81-EF1EAE4962C5}.Release|Any CPU.Build.0 = Release|Any CPU
		{465CF21C-6917-427A-BEE5-C628149311FD}.Debug|Any CPU.ActiveCfg = Debug|Any CPU
		{465CF21C-6917-427A-BEE5-C628149311FD}.Debug|Any CPU.Build.0 = Debug|Any CPU
		{465CF21C-6917-427A-BEE5-C628149311FD}.Release|Any CPU.ActiveCfg = Release|Any CPU
		{465CF21C-6917-427A-BEE5-C628149311FD}.Release|Any CPU.Build.0 = Release|Any CPU
		{FEA23FF8-4CAE-475A-9415-4175AEEC24EE}.Debug|Any CPU.ActiveCfg = Debug|Any CPU
		{FEA23FF8-4CAE-475A-9415-4175AEEC24EE}.Debug|Any CPU.Build.0 = Debug|Any CPU
		{FEA23FF8-4CAE-475A-9415-4175AEEC24EE}.Release|Any CPU.ActiveCfg = Release|Any CPU
		{FEA23FF8-4CAE-475A-9415-4175AEEC24EE}.Release|Any CPU.Build.0 = Release|Any CPU
		{6C21B59D-04E2-498F-8543-47434F8A0FAF}.Debug|Any CPU.ActiveCfg = Debug|Any CPU
		{6C21B59D-04E2-498F-8543-47434F8A0FAF}.Debug|Any CPU.Build.0 = Debug|Any CPU
		{6C21B59D-04E2-498F-8543-47434F8A0FAF}.Release|Any CPU.ActiveCfg = Release|Any CPU
		{6C21B59D-04E2-498F-8543-47434F8A0FAF}.Release|Any CPU.Build.0 = Release|Any CPU
		{F962CE14-1CB8-45B3-B0A2-140A4DADF5B2}.Debug|Any CPU.ActiveCfg = Debug|Any CPU
		{F962CE14-1CB8-45B3-B0A2-140A4DADF5B2}.Debug|Any CPU.Build.0 = Debug|Any CPU
		{F962CE14-1CB8-45B3-B0A2-140A4DADF5B2}.Release|Any CPU.ActiveCfg = Release|Any CPU
		{F962CE14-1CB8-45B3-B0A2-140A4DADF5B2}.Release|Any CPU.Build.0 = Release|Any CPU
		{C4C9073D-2998-4873-8FCB-53E838E48C8D}.Debug|Any CPU.ActiveCfg = Debug|Any CPU
		{C4C9073D-2998-4873-8FCB-53E838E48C8D}.Debug|Any CPU.Build.0 = Debug|Any CPU
		{C4C9073D-2998-4873-8FCB-53E838E48C8D}.Release|Any CPU.ActiveCfg = Release|Any CPU
		{C4C9073D-2998-4873-8FCB-53E838E48C8D}.Release|Any CPU.Build.0 = Release|Any CPU
	EndGlobalSection
EndGlobal
